
Microsoft Visual Studio Solution File, Format Version 12.00
# Visual Studio 15
Project("{FAE04EC0-301F-11D3-BF4B-00C04F79EFBC}") = "Agenda.Android", "Agenda.Android\Agenda.Android.csproj", "{23F95457-4740-44DE-AE00-0DE7FAD33357}"
EndProject
Project("{FAE04EC0-301F-11D3-BF4B-00C04F79EFBC}") = "Agenda.iOS", "Agenda.iOS\Agenda.iOS.csproj", "{A37D88FA-1B07-4F38-962B-7867284F1DA3}"
EndProject
Project("{FAE04EC0-301F-11D3-BF4B-00C04F79EFBC}") = "Agenda", "Agenda\Agenda.csproj", "{61BF9FAC-E465-42B8-94E7-1BC588880370}"
EndProject
Global
	GlobalSection(SolutionConfigurationPlatforms) = preSolution
		Debug|Any CPU = Debug|Any CPU
		Release|Any CPU = Release|Any CPU
		Debug|iPhoneSimulator = Debug|iPhoneSimulator
		Release|iPhoneSimulator = Release|iPhoneSimulator
		Debug|iPhone = Debug|iPhone
		Release|iPhone = Release|iPhone
		Ad-Hoc|iPhone = Ad-Hoc|iPhone
		AppStore|iPhone = AppStore|iPhone
	EndGlobalSection
	GlobalSection(ProjectConfigurationPlatforms) = postSolution
		{23F95457-4740-44DE-AE00-0DE7FAD33357}.Debug|Any CPU.ActiveCfg = Debug|Any CPU
		{23F95457-4740-44DE-AE00-0DE7FAD33357}.Debug|Any CPU.Build.0 = Debug|Any CPU
		{23F95457-4740-44DE-AE00-0DE7FAD33357}.Release|Any CPU.ActiveCfg = Release|Any CPU
		{23F95457-4740-44DE-AE00-0DE7FAD33357}.Release|Any CPU.Build.0 = Release|Any CPU
		{23F95457-4740-44DE-AE00-0DE7FAD33357}.Debug|iPhoneSimulator.ActiveCfg = Debug|Any CPU
		{23F95457-4740-44DE-AE00-0DE7FAD33357}.Debug|iPhoneSimulator.Build.0 = Debug|Any CPU
		{23F95457-4740-44DE-AE00-0DE7FAD33357}.Release|iPhoneSimulator.ActiveCfg = Release|Any CPU
		{23F95457-4740-44DE-AE00-0DE7FAD33357}.Release|iPhoneSimulator.Build.0 = Release|Any CPU
		{23F95457-4740-44DE-AE00-0DE7FAD33357}.Debug|iPhone.ActiveCfg = Debug|Any CPU
		{23F95457-4740-44DE-AE00-0DE7FAD33357}.Debug|iPhone.Build.0 = Debug|Any CPU
		{23F95457-4740-44DE-AE00-0DE7FAD33357}.Release|iPhone.ActiveCfg = Release|Any CPU
		{23F95457-4740-44DE-AE00-0DE7FAD33357}.Release|iPhone.Build.0 = Release|Any CPU
		{23F95457-4740-44DE-AE00-0DE7FAD33357}.Ad-Hoc|iPhone.ActiveCfg = Debug|Any CPU
		{23F95457-4740-44DE-AE00-0DE7FAD33357}.Ad-Hoc|iPhone.Build.0 = Debug|Any CPU
		{23F95457-4740-44DE-AE00-0DE7FAD33357}.AppStore|iPhone.ActiveCfg = Debug|Any CPU
		{23F95457-4740-44DE-AE00-0DE7FAD33357}.AppStore|iPhone.Build.0 = Debug|Any CPU
		{A37D88FA-1B07-4F38-962B-7867284F1DA3}.Debug|Any CPU.ActiveCfg = Debug|iPhoneSimulator
		{A37D88FA-1B07-4F38-962B-7867284F1DA3}.Debug|Any CPU.Build.0 = Debug|iPhoneSimulator
		{A37D88FA-1B07-4F38-962B-7867284F1DA3}.Release|Any CPU.ActiveCfg = Release|iPhoneSimulator
		{A37D88FA-1B07-4F38-962B-7867284F1DA3}.Release|Any CPU.Build.0 = Release|iPhoneSimulator
		{A37D88FA-1B07-4F38-962B-7867284F1DA3}.Debug|iPhoneSimulator.ActiveCfg = Debug|iPhoneSimulator
		{A37D88FA-1B07-4F38-962B-7867284F1DA3}.Debug|iPhoneSimulator.Build.0 = Debug|iPhoneSimulator
		{A37D88FA-1B07-4F38-962B-7867284F1DA3}.Release|iPhoneSimulator.ActiveCfg = Release|iPhoneSimulator
		{A37D88FA-1B07-4F38-962B-7867284F1DA3}.Release|iPhoneSimulator.Build.0 = Release|iPhoneSimulator
		{A37D88FA-1B07-4F38-962B-7867284F1DA3}.Debug|iPhone.ActiveCfg = Debug|iPhone
		{A37D88FA-1B07-4F38-962B-7867284F1DA3}.Debug|iPhone.Build.0 = Debug|iPhone
		{A37D88FA-1B07-4F38-962B-7867284F1DA3}.Release|iPhone.ActiveCfg = Release|iPhone
		{A37D88FA-1B07-4F38-962B-7867284F1DA3}.Release|iPhone.Build.0 = Release|iPhone
		{A37D88FA-1B07-4F38-962B-7867284F1DA3}.Ad-Hoc|iPhone.ActiveCfg = Ad-Hoc|iPhone
		{A37D88FA-1B07-4F38-962B-7867284F1DA3}.Ad-Hoc|iPhone.Build.0 = Ad-Hoc|iPhone
		{A37D88FA-1B07-4F38-962B-7867284F1DA3}.AppStore|iPhone.ActiveCfg = AppStore|iPhone
		{A37D88FA-1B07-4F38-962B-7867284F1DA3}.AppStore|iPhone.Build.0 = AppStore|iPhone
		{61BF9FAC-E465-42B8-94E7-1BC588880370}.Debug|Any CPU.ActiveCfg = Debug|Any CPU
		{61BF9FAC-E465-42B8-94E7-1BC588880370}.Debug|Any CPU.Build.0 = Debug|Any CPU
		{61BF9FAC-E465-42B8-94E7-1BC588880370}.Release|Any CPU.ActiveCfg = Release|Any CPU
		{61BF9FAC-E465-42B8-94E7-1BC588880370}.Release|Any CPU.Build.0 = Release|Any CPU
		{61BF9FAC-E465-42B8-94E7-1BC588880370}.Debug|iPhoneSimulator.ActiveCfg = Debug|Any CPU
		{61BF9FAC-E465-42B8-94E7-1BC588880370}.Debug|iPhoneSimulator.Build.0 = Debug|Any CPU
		{61BF9FAC-E465-42B8-94E7-1BC588880370}.Release|iPhoneSimulator.ActiveCfg = Release|Any CPU
		{61BF9FAC-E465-42B8-94E7-1BC588880370}.Release|iPhoneSimulator.Build.0 = Release|Any CPU
		{61BF9FAC-E465-42B8-94E7-1BC588880370}.Debug|iPhone.ActiveCfg = Debug|Any CPU
		{61BF9FAC-E465-42B8-94E7-1BC588880370}.Debug|iPhone.Build.0 = Debug|Any CPU
		{61BF9FAC-E465-42B8-94E7-1BC588880370}.Release|iPhone.ActiveCfg = Release|Any CPU
		{61BF9FAC-E465-42B8-94E7-1BC588880370}.Release|iPhone.Build.0 = Release|Any CPU
		{61BF9FAC-E465-42B8-94E7-1BC588880370}.Ad-Hoc|iPhone.ActiveCfg = Debug|Any CPU
		{61BF9FAC-E465-42B8-94E7-1BC588880370}.Ad-Hoc|iPhone.Build.0 = Debug|Any CPU
		{61BF9FAC-E465-42B8-94E7-1BC588880370}.AppStore|iPhone.ActiveCfg = Debug|Any CPU
		{61BF9FAC-E465-42B8-94E7-1BC588880370}.AppStore|iPhone.Build.0 = Debug|Any CPU
	EndGlobalSection
EndGlobal
