Microsoft Visual Studio Solution File, Format Version 12.00
# Visual Studio Version 16
VisualStudioVersion = 16.0.29609.76
MinimumVisualStudioVersion = 10.0.40219.1
Project("{FAE04EC0-301F-11D3-BF4B-00C04F79EFBC}") = "Agenda.Android", "Agenda.Android\Agenda.Android.csproj", "{23F95457-4740-44DE-AE00-0DE7FAD33357}"
EndProject
Project("{FAE04EC0-301F-11D3-BF4B-00C04F79EFBC}") = "Agenda.iOS", "Agenda.iOS\Agenda.iOS.csproj", "{A37D88FA-1B07-4F38-962B-7867284F1DA3}"
EndProject
Project("{9A19103F-16F7-4668-BE54-9A1E7A4F7556}") = "Agenda", "Agenda\Agenda.csproj", "{61BF9FAC-E465-42B8-94E7-1BC588880370}"
EndProject
Global
	GlobalSection(SolutionConfigurationPlatforms) = preSolution
		Ad-Hoc|Any CPU = Ad-Hoc|Any CPU
		Ad-Hoc|iPhone = Ad-Hoc|iPhone
		Ad-Hoc|iPhoneSimulator = Ad-Hoc|iPhoneSimulator
		AppStore|Any CPU = AppStore|Any CPU
		AppStore|iPhone = AppStore|iPhone
		AppStore|iPhoneSimulator = AppStore|iPhoneSimulator
		Debug|Any CPU = Debug|Any CPU
		Debug|iPhone = Debug|iPhone
		Debug|iPhoneSimulator = Debug|iPhoneSimulator
		Release|Any CPU = Release|Any CPU
		Release|iPhone = Release|iPhone
		Release|iPhoneSimulator = Release|iPhoneSimulator
	EndGlobalSection
	GlobalSection(ProjectConfigurationPlatforms) = postSolution
		{23F95457-4740-44DE-AE00-0DE7FAD33357}.Ad-Hoc|Any CPU.ActiveCfg = Release|Any CPU
		{23F95457-4740-44DE-AE00-0DE7FAD33357}.Ad-Hoc|Any CPU.Build.0 = Release|Any CPU
		{23F95457-4740-44DE-AE00-0DE7FAD33357}.Ad-Hoc|Any CPU.Deploy.0 = Release|Any CPU
		{23F95457-4740-44DE-AE00-0DE7FAD33357}.Ad-Hoc|iPhone.ActiveCfg = Debug|Any CPU
		{23F95457-4740-44DE-AE00-0DE7FAD33357}.Ad-Hoc|iPhone.Build.0 = Debug|Any CPU
		{23F95457-4740-44DE-AE00-0DE7FAD33357}.Ad-Hoc|iPhoneSimulator.ActiveCfg = Release|Any CPU
		{23F95457-4740-44DE-AE00-0DE7FAD33357}.Ad-Hoc|iPhoneSimulator.Build.0 = Release|Any CPU
		{23F95457-4740-44DE-AE00-0DE7FAD33357}.Ad-Hoc|iPhoneSimulator.Deploy.0 = Release|Any CPU
		{23F95457-4740-44DE-AE00-0DE7FAD33357}.AppStore|Any CPU.ActiveCfg = Release|Any CPU
		{23F95457-4740-44DE-AE00-0DE7FAD33357}.AppStore|Any CPU.Build.0 = Release|Any CPU
		{23F95457-4740-44DE-AE00-0DE7FAD33357}.AppStore|Any CPU.Deploy.0 = Release|Any CPU
		{23F95457-4740-44DE-AE00-0DE7FAD33357}.AppStore|iPhone.ActiveCfg = Debug|Any CPU
		{23F95457-4740-44DE-AE00-0DE7FAD33357}.AppStore|iPhone.Build.0 = Debug|Any CPU
		{23F95457-4740-44DE-AE00-0DE7FAD33357}.AppStore|iPhoneSimulator.ActiveCfg = Release|Any CPU
		{23F95457-4740-44DE-AE00-0DE7FAD33357}.AppStore|iPhoneSimulator.Build.0 = Release|Any CPU
		{23F95457-4740-44DE-AE00-0DE7FAD33357}.AppStore|iPhoneSimulator.Deploy.0 = Release|Any CPU
		{23F95457-4740-44DE-AE00-0DE7FAD33357}.Debug|Any CPU.ActiveCfg = Debug|Any CPU
		{23F95457-4740-44DE-AE00-0DE7FAD33357}.Debug|Any CPU.Build.0 = Debug|Any CPU
		{23F95457-4740-44DE-AE00-0DE7FAD33357}.Debug|Any CPU.Deploy.0 = Debug|Any CPU
		{23F95457-4740-44DE-AE00-0DE7FAD33357}.Debug|iPhone.ActiveCfg = Debug|Any CPU
		{23F95457-4740-44DE-AE00-0DE7FAD33357}.Debug|iPhone.Build.0 = Debug|Any CPU
		{23F95457-4740-44DE-AE00-0DE7FAD33357}.Debug|iPhoneSimulator.ActiveCfg = Debug|Any CPU
		{23F95457-4740-44DE-AE00-0DE7FAD33357}.Debug|iPhoneSimulator.Build.0 = Debug|Any CPU
		{23F95457-4740-44DE-AE00-0DE7FAD33357}.Release|Any CPU.ActiveCfg = Release|Any CPU
		{23F95457-4740-44DE-AE00-0DE7FAD33357}.Release|Any CPU.Build.0 = Release|Any CPU
		{23F95457-4740-44DE-AE00-0DE7FAD33357}.Release|iPhone.ActiveCfg = Release|Any CPU
		{23F95457-4740-44DE-AE00-0DE7FAD33357}.Release|iPhone.Build.0 = Release|Any CPU
		{23F95457-4740-44DE-AE00-0DE7FAD33357}.Release|iPhoneSimulator.ActiveCfg = Release|Any CPU
		{23F95457-4740-44DE-AE00-0DE7FAD33357}.Release|iPhoneSimulator.Build.0 = Release|Any CPU
		{A37D88FA-1B07-4F38-962B-7867284F1DA3}.Ad-Hoc|Any CPU.ActiveCfg = Ad-Hoc|iPhoneSimulator
		{A37D88FA-1B07-4F38-962B-7867284F1DA3}.Ad-Hoc|iPhone.ActiveCfg = Ad-Hoc|iPhone
		{A37D88FA-1B07-4F38-962B-7867284F1DA3}.Ad-Hoc|iPhone.Build.0 = Ad-Hoc|iPhone
		{A37D88FA-1B07-4F38-962B-7867284F1DA3}.Ad-Hoc|iPhoneSimulator.ActiveCfg = Ad-Hoc|iPhoneSimulator
		{A37D88FA-1B07-4F38-962B-7867284F1DA3}.Ad-Hoc|iPhoneSimulator.Build.0 = Ad-Hoc|iPhoneSimulator
		{A37D88FA-1B07-4F38-962B-7867284F1DA3}.AppStore|Any CPU.ActiveCfg = AppStore|iPhoneSimulator
		{A37D88FA-1B07-4F38-962B-7867284F1DA3}.AppStore|iPhone.ActiveCfg = AppStore|iPhone
		{A37D88FA-1B07-4F38-962B-7867284F1DA3}.AppStore|iPhone.Build.0 = AppStore|iPhone
		{A37D88FA-1B07-4F38-962B-7867284F1DA3}.AppStore|iPhoneSimulator.ActiveCfg = AppStore|iPhoneSimulator
		{A37D88FA-1B07-4F38-962B-7867284F1DA3}.AppStore|iPhoneSimulator.Build.0 = AppStore|iPhoneSimulator
		{A37D88FA-1B07-4F38-962B-7867284F1DA3}.Debug|Any CPU.ActiveCfg = Debug|iPhoneSimulator
		{A37D88FA-1B07-4F38-962B-7867284F1DA3}.Debug|Any CPU.Build.0 = Debug|iPhoneSimulator
		{A37D88FA-1B07-4F38-962B-7867284F1DA3}.Debug|iPhone.ActiveCfg = Debug|iPhone
		{A37D88FA-1B07-4F38-962B-7867284F1DA3}.Debug|iPhone.Build.0 = Debug|iPhone
		{A37D88FA-1B07-4F38-962B-7867284F1DA3}.Debug|iPhoneSimulator.ActiveCfg = Debug|iPhoneSimulator
		{A37D88FA-1B07-4F38-962B-7867284F1DA3}.Debug|iPhoneSimulator.Build.0 = Debug|iPhoneSimulator
		{A37D88FA-1B07-4F38-962B-7867284F1DA3}.Release|Any CPU.ActiveCfg = Release|iPhoneSimulator
		{A37D88FA-1B07-4F38-962B-7867284F1DA3}.Release|Any CPU.Build.0 = Release|iPhoneSimulator
		{A37D88FA-1B07-4F38-962B-7867284F1DA3}.Release|iPhone.ActiveCfg = Release|iPhone
		{A37D88FA-1B07-4F38-962B-7867284F1DA3}.Release|iPhone.Build.0 = Release|iPhone
		{A37D88FA-1B07-4F38-962B-7867284F1DA3}.Release|iPhoneSimulator.ActiveCfg = Release|iPhoneSimulator
		{A37D88FA-1B07-4F38-962B-7867284F1DA3}.Release|iPhoneSimulator.Build.0 = Release|iPhoneSimulator
		{61BF9FAC-E465-42B8-94E7-1BC588880370}.Ad-Hoc|Any CPU.ActiveCfg = Release|Any CPU
		{61BF9FAC-E465-42B8-94E7-1BC588880370}.Ad-Hoc|Any CPU.Build.0 = Release|Any CPU
		{61BF9FAC-E465-42B8-94E7-1BC588880370}.Ad-Hoc|iPhone.ActiveCfg = Debug|Any CPU
		{61BF9FAC-E465-42B8-94E7-1BC588880370}.Ad-Hoc|iPhone.Build.0 = Debug|Any CPU
		{61BF9FAC-E465-42B8-94E7-1BC588880370}.Ad-Hoc|iPhoneSimulator.ActiveCfg = Release|Any CPU
		{61BF9FAC-E465-42B8-94E7-1BC588880370}.Ad-Hoc|iPhoneSimulator.Build.0 = Release|Any CPU
		{61BF9FAC-E465-42B8-94E7-1BC588880370}.AppStore|Any CPU.ActiveCfg = Release|Any CPU
		{61BF9FAC-E465-42B8-94E7-1BC588880370}.AppStore|Any CPU.Build.0 = Release|Any CPU
		{61BF9FAC-E465-42B8-94E7-1BC588880370}.AppStore|iPhone.ActiveCfg = Debug|Any CPU
		{61BF9FAC-E465-42B8-94E7-1BC588880370}.AppStore|iPhone.Build.0 = Debug|Any CPU
		{61BF9FAC-E465-42B8-94E7-1BC588880370}.AppStore|iPhoneSimulator.ActiveCfg = Release|Any CPU
		{61BF9FAC-E465-42B8-94E7-1BC588880370}.AppStore|iPhoneSimulator.Build.0 = Release|Any CPU
		{61BF9FAC-E465-42B8-94E7-1BC588880370}.Debug|Any CPU.ActiveCfg = Debug|Any CPU
		{61BF9FAC-E465-42B8-94E7-1BC588880370}.Debug|Any CPU.Build.0 = Debug|Any CPU
		{61BF9FAC-E465-42B8-94E7-1BC588880370}.Debug|iPhone.ActiveCfg = Debug|Any CPU
		{61BF9FAC-E465-42B8-94E7-1BC588880370}.Debug|iPhone.Build.0 = Debug|Any CPU
		{61BF9FAC-E465-42B8-94E7-1BC588880370}.Debug|iPhoneSimulator.ActiveCfg = Debug|Any CPU
		{61BF9FAC-E465-42B8-94E7-1BC588880370}.Debug|iPhoneSimulator.Build.0 = Debug|Any CPU
		{61BF9FAC-E465-42B8-94E7-1BC588880370}.Release|Any CPU.ActiveCfg = Release|Any CPU
		{61BF9FAC-E465-42B8-94E7-1BC588880370}.Release|Any CPU.Build.0 = Release|Any CPU
		{61BF9FAC-E465-42B8-94E7-1BC588880370}.Release|iPhone.ActiveCfg = Release|Any CPU
		{61BF9FAC-E465-42B8-94E7-1BC588880370}.Release|iPhone.Build.0 = Release|Any CPU
		{61BF9FAC-E465-42B8-94E7-1BC588880370}.Release|iPhoneSimulator.ActiveCfg = Release|Any CPU
		{61BF9FAC-E465-42B8-94E7-1BC588880370}.Release|iPhoneSimulator.Build.0 = Release|Any CPU
	EndGlobalSection
	GlobalSection(SolutionProperties) = preSolution
		HideSolutionNode = FALSE
	EndGlobalSection
	GlobalSection(ExtensibilityGlobals) = postSolution
		SolutionGuid = {CF530FD7-B73B-4C99-9FCB-ED10EC0F6293}
	EndGlobalSection
EndGlobal
